
Microsoft Visual Studio Solution File, Format Version 12.00
# Visual Studio Version 16
VisualStudioVersion = 16.0.30717.126
MinimumVisualStudioVersion = 10.0.40219.1
Project("{FAE04EC0-301F-11D3-BF4B-00C04F79EFBC}") = "Containers", "Containers\Containers.csproj", "{37CF5A18-6694-4F22-BC44-40FCDFE537B8}"
EndProject
Global
	GlobalSection(SolutionConfigurationPlatforms) = preSolution
		Debug|Any CPU = Debug|Any CPU
		Release|Any CPU = Release|Any CPU
	EndGlobalSection
	GlobalSection(ProjectConfigurationPlatforms) = postSolution
		{37CF5A18-6694-4F22-BC44-40FCDFE537B8}.Debug|Any CPU.ActiveCfg = Debug|Any CPU
		{37CF5A18-6694-4F22-BC44-40FCDFE537B8}.Debug|Any CPU.Build.0 = Debug|Any CPU
		{37CF5A18-6694-4F22-BC44-40FCDFE537B8}.Release|Any CPU.ActiveCfg = Release|Any CPU
		{37CF5A18-6694-4F22-BC44-40FCDFE537B8}.Release|Any CPU.Build.0 = Release|Any CPU
	EndGlobalSection
	GlobalSection(SolutionProperties) = preSolution
		HideSolutionNode = FALSE
	EndGlobalSection
	GlobalSection(ExtensibilityGlobals) = postSolution
		SolutionGuid = {70815F8B-D2C4-48E2-BC1D-FBF73A5FAEA5}
	EndGlobalSection
EndGlobal
