
Microsoft Visual Studio Solution File, Format Version 12.00
# Visual Studio Version 16
VisualStudioVersion = 16.0.30717.126
MinimumVisualStudioVersion = 10.0.40219.1
Project("{FAE04EC0-301F-11D3-BF4B-00C04F79EFBC}") = "DurableFunctions", "DurableFunctions\DurableFunctions.csproj", "{D4B56CD2-B53B-4EF1-80FA-084BA186F8E9}"
EndProject
Global
	GlobalSection(SolutionConfigurationPlatforms) = preSolution
		Debug|Any CPU = Debug|Any CPU
		Release|Any CPU = Release|Any CPU
	EndGlobalSection
	GlobalSection(ProjectConfigurationPlatforms) = postSolution
		{D4B56CD2-B53B-4EF1-80FA-084BA186F8E9}.Debug|Any CPU.ActiveCfg = Debug|Any CPU
		{D4B56CD2-B53B-4EF1-80FA-084BA186F8E9}.Debug|Any CPU.Build.0 = Debug|Any CPU
		{D4B56CD2-B53B-4EF1-80FA-084BA186F8E9}.Release|Any CPU.ActiveCfg = Release|Any CPU
		{D4B56CD2-B53B-4EF1-80FA-084BA186F8E9}.Release|Any CPU.Build.0 = Release|Any CPU
	EndGlobalSection
	GlobalSection(SolutionProperties) = preSolution
		HideSolutionNode = FALSE
	EndGlobalSection
	GlobalSection(ExtensibilityGlobals) = postSolution
		SolutionGuid = {E18A14D6-DE1B-419C-BA6E-A86AA8F62AB4}
	EndGlobalSection
EndGlobal
