
Microsoft Visual Studio Solution File, Format Version 12.00
# Visual Studio Version 16
VisualStudioVersion = 16.0.30717.126
MinimumVisualStudioVersion = 10.0.40219.1
Project("{FAE04EC0-301F-11D3-BF4B-00C04F79EFBC}") = "StorageQueueDemo", "StorageQueueDemo\StorageQueueDemo.csproj", "{A18F2D28-EAB9-413D-965B-180ECEDD779A}"
EndProject
Global
	GlobalSection(SolutionConfigurationPlatforms) = preSolution
		Debug|Any CPU = Debug|Any CPU
		Release|Any CPU = Release|Any CPU
	EndGlobalSection
	GlobalSection(ProjectConfigurationPlatforms) = postSolution
		{A18F2D28-EAB9-413D-965B-180ECEDD779A}.Debug|Any CPU.ActiveCfg = Debug|Any CPU
		{A18F2D28-EAB9-413D-965B-180ECEDD779A}.Debug|Any CPU.Build.0 = Debug|Any CPU
		{A18F2D28-EAB9-413D-965B-180ECEDD779A}.Release|Any CPU.ActiveCfg = Release|Any CPU
		{A18F2D28-EAB9-413D-965B-180ECEDD779A}.Release|Any CPU.Build.0 = Release|Any CPU
	EndGlobalSection
	GlobalSection(SolutionProperties) = preSolution
		HideSolutionNode = FALSE
	EndGlobalSection
	GlobalSection(ExtensibilityGlobals) = postSolution
		SolutionGuid = {6E328FE7-9A3B-483C-A7AB-B62D28B50482}
	EndGlobalSection
EndGlobal
